
Microsoft Visual Studio Solution File, Format Version 12.00
# Visual Studio 15
VisualStudioVersion = 15.0.27428.2043
MinimumVisualStudioVersion = 10.0.40219.1
Project("{9A19103F-16F7-4668-BE54-9A1E7A4F7556}") = "Wp", "Wp\Wp.csproj", "{ED95AC52-84E2-41B7-A715-748057589DC1}"
EndProject
Project("{9A19103F-16F7-4668-BE54-9A1E7A4F7556}") = "Wp.Data", "Wp.Data\Wp.Data.csproj", "{17EC43F5-3ACF-4D8C-BBC2-0E6C881BA8FE}"
EndProject
Project("{9A19103F-16F7-4668-BE54-9A1E7A4F7556}") = "Wp.Web", "Wp.Web\Wp.Web.csproj", "{30F80D03-06A1-411C-9D05-1ABDD0D44529}"
EndProject
Project("{9A19103F-16F7-4668-BE54-9A1E7A4F7556}") = "Wp.Data.MySql", "Wp.Data.MySql\Wp.Data.MySql.csproj", "{E6AF6606-07F9-4244-8B18-7AF0C0694BC2}"
EndProject
Project("{9A19103F-16F7-4668-BE54-9A1E7A4F7556}") = "Wp.Data.UnitTests", "Wp.Data.UnitTests\Wp.Data.UnitTests.csproj", "{E878AEE5-C6D3-4BA0-8E3E-CCB5CBA86FE9}"
EndProject
Project("{FAE04EC0-301F-11D3-BF4B-00C04F79EFBC}") = "Wp.Web.App", "Wp.Web.App\Wp.Web.App.csproj", "{E08F5461-4E74-453E-9D11-A692DDF6048C}"
EndProject
Global
	GlobalSection(SolutionConfigurationPlatforms) = preSolution
		Debug|Any CPU = Debug|Any CPU
		Release|Any CPU = Release|Any CPU
	EndGlobalSection
	GlobalSection(ProjectConfigurationPlatforms) = postSolution
		{ED95AC52-84E2-41B7-A715-748057589DC1}.Debug|Any CPU.ActiveCfg = Debug|Any CPU
		{ED95AC52-84E2-41B7-A715-748057589DC1}.Debug|Any CPU.Build.0 = Debug|Any CPU
		{ED95AC52-84E2-41B7-A715-748057589DC1}.Release|Any CPU.ActiveCfg = Release|Any CPU
		{ED95AC52-84E2-41B7-A715-748057589DC1}.Release|Any CPU.Build.0 = Release|Any CPU
		{17EC43F5-3ACF-4D8C-BBC2-0E6C881BA8FE}.Debug|Any CPU.ActiveCfg = Debug|Any CPU
		{17EC43F5-3ACF-4D8C-BBC2-0E6C881BA8FE}.Debug|Any CPU.Build.0 = Debug|Any CPU
		{17EC43F5-3ACF-4D8C-BBC2-0E6C881BA8FE}.Release|Any CPU.ActiveCfg = Release|Any CPU
		{17EC43F5-3ACF-4D8C-BBC2-0E6C881BA8FE}.Release|Any CPU.Build.0 = Release|Any CPU
		{30F80D03-06A1-411C-9D05-1ABDD0D44529}.Debug|Any CPU.ActiveCfg = Debug|Any CPU
		{30F80D03-06A1-411C-9D05-1ABDD0D44529}.Debug|Any CPU.Build.0 = Debug|Any CPU
		{30F80D03-06A1-411C-9D05-1ABDD0D44529}.Release|Any CPU.ActiveCfg = Release|Any CPU
		{30F80D03-06A1-411C-9D05-1ABDD0D44529}.Release|Any CPU.Build.0 = Release|Any CPU
		{E6AF6606-07F9-4244-8B18-7AF0C0694BC2}.Debug|Any CPU.ActiveCfg = Debug|Any CPU
		{E6AF6606-07F9-4244-8B18-7AF0C0694BC2}.Debug|Any CPU.Build.0 = Debug|Any CPU
		{E6AF6606-07F9-4244-8B18-7AF0C0694BC2}.Release|Any CPU.ActiveCfg = Release|Any CPU
		{E6AF6606-07F9-4244-8B18-7AF0C0694BC2}.Release|Any CPU.Build.0 = Release|Any CPU
		{E878AEE5-C6D3-4BA0-8E3E-CCB5CBA86FE9}.Debug|Any CPU.ActiveCfg = Debug|Any CPU
		{E878AEE5-C6D3-4BA0-8E3E-CCB5CBA86FE9}.Debug|Any CPU.Build.0 = Debug|Any CPU
		{E878AEE5-C6D3-4BA0-8E3E-CCB5CBA86FE9}.Release|Any CPU.ActiveCfg = Release|Any CPU
		{E878AEE5-C6D3-4BA0-8E3E-CCB5CBA86FE9}.Release|Any CPU.Build.0 = Release|Any CPU
		{E08F5461-4E74-453E-9D11-A692DDF6048C}.Debug|Any CPU.ActiveCfg = Debug|Any CPU
		{E08F5461-4E74-453E-9D11-A692DDF6048C}.Debug|Any CPU.Build.0 = Debug|Any CPU
		{E08F5461-4E74-453E-9D11-A692DDF6048C}.Release|Any CPU.ActiveCfg = Release|Any CPU
		{E08F5461-4E74-453E-9D11-A692DDF6048C}.Release|Any CPU.Build.0 = Release|Any CPU
	EndGlobalSection
	GlobalSection(SolutionProperties) = preSolution
		HideSolutionNode = FALSE
	EndGlobalSection
	GlobalSection(ExtensibilityGlobals) = postSolution
		SolutionGuid = {61524262-4D8D-4736-BF1E-EBDECB92B4E9}
	EndGlobalSection
EndGlobal
